// !$*UTF8*$!
{
	archiveVersion = 1;
	classes = {
	};
	objectVersion = 77;
	objects = {

/* Begin PBXBuildFile section */
		352D2C1DE72E07780AA4BE7B /* libPods-FilmFlow.a in Frameworks */ = {isa = PBXBuildFile; fileRef = B26F462DDCE18A6F195CA3B9 /* libPods-FilmFlow.a */; };
/* End PBXBuildFile section */

/* Begin PBXContainerItemProxy section */
		5DAC1A2A2D46BC8D00DCECC6 /* PBXContainerItemProxy */ = {
			isa = PBXContainerItemProxy;
			containerPortal = 5DAC1A082D46BC8C00DCECC6 /* Project object */;
			proxyType = 1;
			remoteGlobalIDString = 5DAC1A0F2D46BC8C00DCECC6;
			remoteInfo = FilmFlow;
		};
		5DAC1A342D46BC8D00DCECC6 /* PBXContainerItemProxy */ = {
			isa = PBXContainerItemProxy;
			containerPortal = 5DAC1A082D46BC8C00DCECC6 /* Project object */;
			proxyType = 1;
			remoteGlobalIDString = 5DAC1A0F2D46BC8C00DCECC6;
			remoteInfo = FilmFlow;
		};
/* End PBXContainerItemProxy section */

/* Begin PBXFileReference section */
		1CCD81CDD6353A316E53DACF /* Pods-FilmFlow.release.xcconfig */ = {isa = PBXFileReference; includeInIndex = 1; lastKnownFileType = text.xcconfig; name = "Pods-FilmFlow.release.xcconfig"; path = "Target Support Files/Pods-FilmFlow/Pods-FilmFlow.release.xcconfig"; sourceTree = "<group>"; };
		5DAC1A102D46BC8C00DCECC6 /* FilmFlow.app */ = {isa = PBXFileReference; explicitFileType = wrapper.application; includeInIndex = 0; path = FilmFlow.app; sourceTree = BUILT_PRODUCTS_DIR; };
		5DAC1A292D46BC8D00DCECC6 /* FilmFlowTests.xctest */ = {isa = PBXFileReference; explicitFileType = wrapper.cfbundle; includeInIndex = 0; path = FilmFlowTests.xctest; sourceTree = BUILT_PRODUCTS_DIR; };
		5DAC1A332D46BC8D00DCECC6 /* FilmFlowUITests.xctest */ = {isa = PBXFileReference; explicitFileType = wrapper.cfbundle; includeInIndex = 0; path = FilmFlowUITests.xctest; sourceTree = BUILT_PRODUCTS_DIR; };
		B26F462DDCE18A6F195CA3B9 /* libPods-FilmFlow.a */ = {isa = PBXFileReference; explicitFileType = archive.ar; includeInIndex = 0; path = "libPods-FilmFlow.a"; sourceTree = BUILT_PRODUCTS_DIR; };
		F41FAD22B4EB996B6F71275A /* Pods-FilmFlow.debug.xcconfig */ = {isa = PBXFileReference; includeInIndex = 1; lastKnownFileType = text.xcconfig; name = "Pods-FilmFlow.debug.xcconfig"; path = "Target Support Files/Pods-FilmFlow/Pods-FilmFlow.debug.xcconfig"; sourceTree = "<group>"; };
/* End PBXFileReference section */

/* Begin PBXFileSystemSynchronizedBuildFileExceptionSet section */
		5DAC1A3B2D46BC8D00DCECC6 /* Exceptions for "FilmFlow" folder in "FilmFlow" target */ = {
			isa = PBXFileSystemSynchronizedBuildFileExceptionSet;
			membershipExceptions = (
				Info.plist,
			);
			target = 5DAC1A0F2D46BC8C00DCECC6 /* FilmFlow */;
		};
/* End PBXFileSystemSynchronizedBuildFileExceptionSet section */

/* Begin PBXFileSystemSynchronizedRootGroup section */
		5DAC1A122D46BC8C00DCECC6 /* FilmFlow */ = {
			isa = PBXFileSystemSynchronizedRootGroup;
			exceptions = (
				5DAC1A3B2D46BC8D00DCECC6 /* Exceptions for "FilmFlow" folder in "FilmFlow" target */,
			);
			path = FilmFlow;
			sourceTree = "<group>";
		};
		5DAC1A2C2D46BC8D00DCECC6 /* FilmFlowTests */ = {
			isa = PBXFileSystemSynchronizedRootGroup;
			path = FilmFlowTests;
			sourceTree = "<group>";
		};
		5DAC1A362D46BC8D00DCECC6 /* FilmFlowUITests */ = {
			isa = PBXFileSystemSynchronizedRootGroup;
			path = FilmFlowUITests;
			sourceTree = "<group>";
		};
/* End PBXFileSystemSynchronizedRootGroup section */

/* Begin PBXFrameworksBuildPhase section */
		5DAC1A0D2D46BC8C00DCECC6 /* Frameworks */ = {
			isa = PBXFrameworksBuildPhase;
			buildActionMask = 2147483647;
			files = (
				352D2C1DE72E07780AA4BE7B /* libPods-FilmFlow.a in Frameworks */,
			);
			runOnlyForDeploymentPostprocessing = 0;
		};
		5DAC1A262D46BC8D00DCECC6 /* Frameworks */ = {
			isa = PBXFrameworksBuildPhase;
			buildActionMask = 2147483647;
			files = (
			);
			runOnlyForDeploymentPostprocessing = 0;
		};
		5DAC1A302D46BC8D00DCECC6 /* Frameworks */ = {
			isa = PBXFrameworksBuildPhase;
			buildActionMask = 2147483647;
			files = (
			);
			runOnlyForDeploymentPostprocessing = 0;
		};
/* End PBXFrameworksBuildPhase section */

/* Begin PBXGroup section */
		5DAC1A072D46BC8C00DCECC6 = {
			isa = PBXGroup;
			children = (
				5DAC1A122D46BC8C00DCECC6 /* FilmFlow */,
				5DAC1A2C2D46BC8D00DCECC6 /* FilmFlowTests */,
				5DAC1A362D46BC8D00DCECC6 /* FilmFlowUITests */,
				5DAC1A112D46BC8C00DCECC6 /* Products */,
				FFEF03D7FE12F1B3C57C99D4 /* Pods */,
				9BBF88A58DF5648BE31E9E99 /* Frameworks */,
			);
			sourceTree = "<group>";
		};
		5DAC1A112D46BC8C00DCECC6 /* Products */ = {
			isa = PBXGroup;
			children = (
				5DAC1A102D46BC8C00DCECC6 /* FilmFlow.app */,
				5DAC1A292D46BC8D00DCECC6 /* FilmFlowTests.xctest */,
				5DAC1A332D46BC8D00DCECC6 /* FilmFlowUITests.xctest */,
			);
			name = Products;
			sourceTree = "<group>";
		};
		9BBF88A58DF5648BE31E9E99 /* Frameworks */ = {
			isa = PBXGroup;
			children = (
				B26F462DDCE18A6F195CA3B9 /* libPods-FilmFlow.a */,
			);
			name = Frameworks;
			sourceTree = "<group>";
		};
		FFEF03D7FE12F1B3C57C99D4 /* Pods */ = {
			isa = PBXGroup;
			children = (
				F41FAD22B4EB996B6F71275A /* Pods-FilmFlow.debug.xcconfig */,
				1CCD81CDD6353A316E53DACF /* Pods-FilmFlow.release.xcconfig */,
			);
			path = Pods;
			sourceTree = "<group>";
		};
/* End PBXGroup section */

/* Begin PBXNativeTarget section */
		5DAC1A0F2D46BC8C00DCECC6 /* FilmFlow */ = {
			isa = PBXNativeTarget;
			buildConfigurationList = 5DAC1A3C2D46BC8D00DCECC6 /* Build configuration list for PBXNativeTarget "FilmFlow" */;
			buildPhases = (
				121401D9B7FFE1462C1C919E /* [CP] Check Pods Manifest.lock */,
				5DAC1A0C2D46BC8C00DCECC6 /* Sources */,
				5DAC1A0D2D46BC8C00DCECC6 /* Frameworks */,
				5DAC1A0E2D46BC8C00DCECC6 /* Resources */,
				DF0D30B0933FE08CF782FEE2 /* [CP] Copy Pods Resources */,
			);
			buildRules = (
			);
			dependencies = (
			);
			fileSystemSynchronizedGroups = (
				5DAC1A122D46BC8C00DCECC6 /* FilmFlow */,
			);
			name = FilmFlow;
			productName = FilmFlow;
			productReference = 5DAC1A102D46BC8C00DCECC6 /* FilmFlow.app */;
			productType = "com.apple.product-type.application";
		};
		5DAC1A282D46BC8D00DCECC6 /* FilmFlowTests */ = {
			isa = PBXNativeTarget;
			buildConfigurationList = 5DAC1A412D46BC8D00DCECC6 /* Build configuration list for PBXNativeTarget "FilmFlowTests" */;
			buildPhases = (
				5DAC1A252D46BC8D00DCECC6 /* Sources */,
				5DAC1A262D46BC8D00DCECC6 /* Frameworks */,
				5DAC1A272D46BC8D00DCECC6 /* Resources */,
			);
			buildRules = (
			);
			dependencies = (
				5DAC1A2B2D46BC8D00DCECC6 /* PBXTargetDependency */,
			);
			fileSystemSynchronizedGroups = (
				5DAC1A2C2D46BC8D00DCECC6 /* FilmFlowTests */,
			);
			name = FilmFlowTests;
			productName = FilmFlowTests;
			productReference = 5DAC1A292D46BC8D00DCECC6 /* FilmFlowTests.xctest */;
			productType = "com.apple.product-type.bundle.unit-test";
		};
		5DAC1A322D46BC8D00DCECC6 /* FilmFlowUITests */ = {
			isa = PBXNativeTarget;
			buildConfigurationList = 5DAC1A442D46BC8D00DCECC6 /* Build configuration list for PBXNativeTarget "FilmFlowUITests" */;
			buildPhases = (
				5DAC1A2F2D46BC8D00DCECC6 /* Sources */,
				5DAC1A302D46BC8D00DCECC6 /* Frameworks */,
				5DAC1A312D46BC8D00DCECC6 /* Resources */,
			);
			buildRules = (
			);
			dependencies = (
				5DAC1A352D46BC8D00DCECC6 /* PBXTargetDependency */,
			);
			fileSystemSynchronizedGroups = (
				5DAC1A362D46BC8D00DCECC6 /* FilmFlowUITests */,
			);
			name = FilmFlowUITests;
			productName = FilmFlowUITests;
			productReference = 5DAC1A332D46BC8D00DCECC6 /* FilmFlowUITests.xctest */;
			productType = "com.apple.product-type.bundle.ui-testing";
		};
/* End PBXNativeTarget section */

/* Begin PBXProject section */
		5DAC1A082D46BC8C00DCECC6 /* Project object */ = {
			isa = PBXProject;
			attributes = {
				BuildIndependentTargetsInParallel = 1;
				LastSwiftUpdateCheck = 1620;
				LastUpgradeCheck = 1620;
				TargetAttributes = {
					5DAC1A0F2D46BC8C00DCECC6 = {
						CreatedOnToolsVersion = 16.2;
					};
					5DAC1A282D46BC8D00DCECC6 = {
						CreatedOnToolsVersion = 16.2;
						TestTargetID = 5DAC1A0F2D46BC8C00DCECC6;
					};
					5DAC1A322D46BC8D00DCECC6 = {
						CreatedOnToolsVersion = 16.2;
						TestTargetID = 5DAC1A0F2D46BC8C00DCECC6;
					};
				};
			};
			buildConfigurationList = 5DAC1A0B2D46BC8C00DCECC6 /* Build configuration list for PBXProject "FilmFlow" */;
			developmentRegion = en;
			hasScannedForEncodings = 0;
			knownRegions = (
				en,
				Base,
			);
			mainGroup = 5DAC1A072D46BC8C00DCECC6;
			minimizedProjectReferenceProxies = 1;
			preferredProjectObjectVersion = 77;
			productRefGroup = 5DAC1A112D46BC8C00DCECC6 /* Products */;
			projectDirPath = "";
			projectRoot = "";
			targets = (
				5DAC1A0F2D46BC8C00DCECC6 /* FilmFlow */,
				5DAC1A282D46BC8D00DCECC6 /* FilmFlowTests */,
				5DAC1A322D46BC8D00DCECC6 /* FilmFlowUITests */,
			);
		};
/* End PBXProject section */

/* Begin PBXResourcesBuildPhase section */
		5DAC1A0E2D46BC8C00DCECC6 /* Resources */ = {
			isa = PBXResourcesBuildPhase;
			buildActionMask = 2147483647;
			files = (
			);
			runOnlyForDeploymentPostprocessing = 0;
		};
		5DAC1A272D46BC8D00DCECC6 /* Resources */ = {
			isa = PBXResourcesBuildPhase;
			buildActionMask = 2147483647;
			files = (
			);
			runOnlyForDeploymentPostprocessing = 0;
		};
		5DAC1A312D46BC8D00DCECC6 /* Resources */ = {
			isa = PBXResourcesBuildPhase;
			buildActionMask = 2147483647;
			files = (
			);
			runOnlyForDeploymentPostprocessing = 0;
		};
/* End PBXResourcesBuildPhase section */

/* Begin PBXShellScriptBuildPhase section */
		121401D9B7FFE1462C1C919E /* [CP] Check Pods Manifest.lock */ = {
			isa = PBXShellScriptBuildPhase;
			buildActionMask = 2147483647;
			files = (
			);
			inputFileListPaths = (
			);
			inputPaths = (
				"${PODS_PODFILE_DIR_PATH}/Podfile.lock",
				"${PODS_ROOT}/Manifest.lock",
			);
			name = "[CP] Check Pods Manifest.lock";
			outputFileListPaths = (
			);
			outputPaths = (
				"$(DERIVED_FILE_DIR)/Pods-FilmFlow-checkManifestLockResult.txt",
			);
			runOnlyForDeploymentPostprocessing = 0;
			shellPath = /bin/sh;
			shellScript = "diff \"${PODS_PODFILE_DIR_PATH}/Podfile.lock\" \"${PODS_ROOT}/Manifest.lock\" > /dev/null\nif [ $? != 0 ] ; then\n    # print error to STDERR\n    echo \"error: The sandbox is not in sync with the Podfile.lock. Run 'pod install' or update your CocoaPods installation.\" >&2\n    exit 1\nfi\n# This output is used by Xcode 'outputs' to avoid re-running this script phase.\necho \"SUCCESS\" > \"${SCRIPT_OUTPUT_FILE_0}\"\n";
			showEnvVarsInLog = 0;
		};
		DF0D30B0933FE08CF782FEE2 /* [CP] Copy Pods Resources */ = {
			isa = PBXShellScriptBuildPhase;
			buildActionMask = 2147483647;
			files = (
			);
			inputFileListPaths = (
				"${PODS_ROOT}/Target Support Files/Pods-FilmFlow/Pods-FilmFlow-resources-${CONFIGURATION}-input-files.xcfilelist",
			);
			name = "[CP] Copy Pods Resources";
			outputFileListPaths = (
				"${PODS_ROOT}/Target Support Files/Pods-FilmFlow/Pods-FilmFlow-resources-${CONFIGURATION}-output-files.xcfilelist",
			);
			runOnlyForDeploymentPostprocessing = 0;
			shellPath = /bin/sh;
			shellScript = "\"${PODS_ROOT}/Target Support Files/Pods-FilmFlow/Pods-FilmFlow-resources.sh\"\n";
			showEnvVarsInLog = 0;
		};
/* End PBXShellScriptBuildPhase section */

/* Begin PBXSourcesBuildPhase section */
		5DAC1A0C2D46BC8C00DCECC6 /* Sources */ = {
			isa = PBXSourcesBuildPhase;
			buildActionMask = 2147483647;
			files = (
			);
			runOnlyForDeploymentPostprocessing = 0;
		};
		5DAC1A252D46BC8D00DCECC6 /* Sources */ = {
			isa = PBXSourcesBuildPhase;
			buildActionMask = 2147483647;
			files = (
			);
			runOnlyForDeploymentPostprocessing = 0;
		};
		5DAC1A2F2D46BC8D00DCECC6 /* Sources */ = {
			isa = PBXSourcesBuildPhase;
			buildActionMask = 2147483647;
			files = (
			);
			runOnlyForDeploymentPostprocessing = 0;
		};
/* End PBXSourcesBuildPhase section */

/* Begin PBXTargetDependency section */
		5DAC1A2B2D46BC8D00DCECC6 /* PBXTargetDependency */ = {
			isa = PBXTargetDependency;
			target = 5DAC1A0F2D46BC8C00DCECC6 /* FilmFlow */;
			targetProxy = 5DAC1A2A2D46BC8D00DCECC6 /* PBXContainerItemProxy */;
		};
		5DAC1A352D46BC8D00DCECC6 /* PBXTargetDependency */ = {
			isa = PBXTargetDependency;
			target = 5DAC1A0F2D46BC8C00DCECC6 /* FilmFlow */;
			targetProxy = 5DAC1A342D46BC8D00DCECC6 /* PBXContainerItemProxy */;
		};
/* End PBXTargetDependency section */

/* Begin XCBuildConfiguration section */
		5DAC1A3D2D46BC8D00DCECC6 /* Debug */ = {
			isa = XCBuildConfiguration;
			baseConfigurationReference = F41FAD22B4EB996B6F71275A /* Pods-FilmFlow.debug.xcconfig */;
			buildSettings = {
				ASSETCATALOG_COMPILER_APPICON_NAME = AppIcon;
				ASSETCATALOG_COMPILER_GLOBAL_ACCENT_COLOR_NAME = AccentColor;
				CODE_SIGN_ENTITLEMENTS = FilmFlow/FilmFlow.entitlements;
				CODE_SIGN_STYLE = Automatic;
				CURRENT_PROJECT_VERSION = 1;
				DEVELOPMENT_TEAM = 8N4C467PGQ;
				ENABLE_USER_SCRIPT_SANDBOXING = NO;
				GENERATE_INFOPLIST_FILE = YES;
				INFOPLIST_FILE = FilmFlow/Info.plist;
				INFOPLIST_KEY_UIApplicationSupportsIndirectInputEvents = YES;
				INFOPLIST_KEY_UILaunchStoryboardName = LaunchScreen;
				INFOPLIST_KEY_UISupportedInterfaceOrientations_iPad = "UIInterfaceOrientationPortrait UIInterfaceOrientationPortraitUpsideDown UIInterfaceOrientationLandscapeLeft UIInterfaceOrientationLandscapeRight";
				INFOPLIST_KEY_UISupportedInterfaceOrientations_iPhone = "UIInterfaceOrientationPortrait UIInterfaceOrientationLandscapeLeft UIInterfaceOrientationLandscapeRight";
				LD_RUNPATH_SEARCH_PATHS = (
					"$(inherited)",
					"@executable_path/Frameworks",
				);
				MARKETING_VERSION = 1.0;
				PRODUCT_BUNDLE_IDENTIFIER = IremOnart.FilmFlow;
				PRODUCT_NAME = "$(TARGET_NAME)";
				SWIFT_EMIT_LOC_STRINGS = YES;
				SWIFT_VERSION = 5.0;
				TARGETED_DEVICE_FAMILY = "1,2";
			};
			name = Debug;
		};
		5DAC1A3E2D46BC8D00DCECC6 /* Release */ = {
			isa = XCBuildConfiguration;
			baseConfigurationReference = 1CCD81CDD6353A316E53DACF /* Pods-FilmFlow.release.xcconfig */;
			buildSettings = {
				ASSETCATALOG_COMPILER_APPICON_NAME = AppIcon;
				ASSETCATALOG_COMPILER_GLOBAL_ACCENT_COLOR_NAME = AccentColor;
				CODE_SIGN_ENTITLEMENTS = FilmFlow/FilmFlow.entitlements;
				CODE_SIGN_STYLE = Automatic;
				CURRENT_PROJECT_VERSION = 1;
				DEVELOPMENT_TEAM = 8N4C467PGQ;
				ENABLE_USER_SCRIPT_SANDBOXING = NO;
				GENERATE_INFOPLIST_FILE = YES;
				INFOPLIST_FILE = FilmFlow/Info.plist;
				INFOPLIST_KEY_UIApplicationSupportsIndirectInputEvents = YES;
				INFOPLIST_KEY_UILaunchStoryboardName = LaunchScreen;
				INFOPLIST_KEY_UISupportedInterfaceOrientations_iPad = "UIInterfaceOrientationPortrait UIInterfaceOrientationPortraitUpsideDown UIInterfaceOrientationLandscapeLeft UIInterfaceOrientationLandscapeRight";
				INFOPLIST_KEY_UISupportedInterfaceOrientations_iPhone = "UIInterfaceOrientationPortrait UIInterfaceOrientationLandscapeLeft UIInterfaceOrientationLandscapeRight";
				LD_RUNPATH_SEARCH_PATHS = (
					"$(inherited)",
					"@executable_path/Frameworks",
				);
				MARKETING_VERSION = 1.0;
				PRODUCT_BUNDLE_IDENTIFIER = IremOnart.FilmFlow;
				PRODUCT_NAME = "$(TARGET_NAME)";
				SWIFT_EMIT_LOC_STRINGS = YES;
				SWIFT_VERSION = 5.0;
				TARGETED_DEVICE_FAMILY = "1,2";
			};
			name = Release;
		};
		5DAC1A3F2D46BC8D00DCECC6 /* Debug */ = {
			isa = XCBuildConfiguration;
			buildSettings = {
				ALWAYS_SEARCH_USER_PATHS = NO;
				ASSETCATALOG_COMPILER_GENERATE_SWIFT_ASSET_SYMBOL_EXTENSIONS = YES;
				CLANG_ANALYZER_NONNULL = YES;
				CLANG_ANALYZER_NUMBER_OBJECT_CONVERSION = YES_AGGRESSIVE;
				CLANG_CXX_LANGUAGE_STANDARD = "gnu++20";
				CLANG_ENABLE_MODULES = YES;
				CLANG_ENABLE_OBJC_ARC = YES;
				CLANG_ENABLE_OBJC_WEAK = YES;
				CLANG_WARN_BLOCK_CAPTURE_AUTORELEASING = YES;
				CLANG_WARN_BOOL_CONVERSION = YES;
				CLANG_WARN_COMMA = YES;
				CLANG_WARN_CONSTANT_CONVERSION = YES;
				CLANG_WARN_DEPRECATED_OBJC_IMPLEMENTATIONS = YES;
				CLANG_WARN_DIRECT_OBJC_ISA_USAGE = YES_ERROR;
				CLANG_WARN_DOCUMENTATION_COMMENTS = YES;
				CLANG_WARN_EMPTY_BODY = YES;
				CLANG_WARN_ENUM_CONVERSION = YES;
				CLANG_WARN_INFINITE_RECURSION = YES;
				CLANG_WARN_INT_CONVERSION = YES;
				CLANG_WARN_NON_LITERAL_NULL_CONVERSION = YES;
				CLANG_WARN_OBJC_IMPLICIT_RETAIN_SELF = YES;
				CLANG_WARN_OBJC_LITERAL_CONVERSION = YES;
				CLANG_WARN_OBJC_ROOT_CLASS = YES_ERROR;
				CLANG_WARN_QUOTED_INCLUDE_IN_FRAMEWORK_HEADER = YES;
				CLANG_WARN_RANGE_LOOP_ANALYSIS = YES;
				CLANG_WARN_STRICT_PROTOTYPES = YES;
				CLANG_WARN_SUSPICIOUS_MOVE = YES;
				CLANG_WARN_UNGUARDED_AVAILABILITY = YES_AGGRESSIVE;
				CLANG_WARN_UNREACHABLE_CODE = YES;
				CLANG_WARN__DUPLICATE_METHOD_MATCH = YES;
				COPY_PHASE_STRIP = NO;
				DEBUG_INFORMATION_FORMAT = dwarf;
				ENABLE_STRICT_OBJC_MSGSEND = YES;
				ENABLE_TESTABILITY = YES;
				ENABLE_USER_SCRIPT_SANDBOXING = YES;
				GCC_C_LANGUAGE_STANDARD = gnu17;
				GCC_DYNAMIC_NO_PIC = NO;
				GCC_NO_COMMON_BLOCKS = YES;
				GCC_OPTIMIZATION_LEVEL = 0;
				GCC_PREPROCESSOR_DEFINITIONS = (
					"DEBUG=1",
					"$(inherited)",
				);
				GCC_WARN_64_TO_32_BIT_CONVERSION = YES;
				GCC_WARN_ABOUT_RETURN_TYPE = YES_ERROR;
				GCC_WARN_UNDECLARED_SELECTOR = YES;
				GCC_WARN_UNINITIALIZED_AUTOS = YES_AGGRESSIVE;
				GCC_WARN_UNUSED_FUNCTION = YES;
				GCC_WARN_UNUSED_VARIABLE = YES;
				IPHONEOS_DEPLOYMENT_TARGET = 18.2;
				LOCALIZATION_PREFERS_STRING_CATALOGS = YES;
				MTL_ENABLE_DEBUG_INFO = INCLUDE_SOURCE;
				MTL_FAST_MATH = YES;
				ONLY_ACTIVE_ARCH = YES;
				SDKROOT = iphoneos;
				SWIFT_ACTIVE_COMPILATION_CONDITIONS = "DEBUG $(inherited)";
				SWIFT_OPTIMIZATION_LEVEL = "-Onone";
			};
			name = Debug;
		};
		5DAC1A402D46BC8D00DCECC6 /* Release */ = {
			isa = XCBuildConfiguration;
			buildSettings = {
				ALWAYS_SEARCH_USER_PATHS = NO;
				ASSETCATALOG_COMPILER_GENERATE_SWIFT_ASSET_SYMBOL_EXTENSIONS = YES;
				CLANG_ANALYZER_NONNULL = YES;
				CLANG_ANALYZER_NUMBER_OBJECT_CONVERSION = YES_AGGRESSIVE;
				CLANG_CXX_LANGUAGE_STANDARD = "gnu++20";
				CLANG_ENABLE_MODULES = YES;
				CLANG_ENABLE_OBJC_ARC = YES;
				CLANG_ENABLE_OBJC_WEAK = YES;
				CLANG_WARN_BLOCK_CAPTURE_AUTORELEASING = YES;
				CLANG_WARN_BOOL_CONVERSION = YES;
				CLANG_WARN_COMMA = YES;
				CLANG_WARN_CONSTANT_CONVERSION = YES;
				CLANG_WARN_DEPRECATED_OBJC_IMPLEMENTATIONS = YES;
				CLANG_WARN_DIRECT_OBJC_ISA_USAGE = YES_ERROR;
				CLANG_WARN_DOCUMENTATION_COMMENTS = YES;
				CLANG_WARN_EMPTY_BODY = YES;
				CLANG_WARN_ENUM_CONVERSION = YES;
				CLANG_WARN_INFINITE_RECURSION = YES;
				CLANG_WARN_INT_CONVERSION = YES;
				CLANG_WARN_NON_LITERAL_NULL_CONVERSION = YES;
				CLANG_WARN_OBJC_IMPLICIT_RETAIN_SELF = YES;
				CLANG_WARN_OBJC_LITERAL_CONVERSION = YES;
				CLANG_WARN_OBJC_ROOT_CLASS = YES_ERROR;
				CLANG_WARN_QUOTED_INCLUDE_IN_FRAMEWORK_HEADER = YES;
				CLANG_WARN_RANGE_LOOP_ANALYSIS = YES;
				CLANG_WARN_STRICT_PROTOTYPES = YES;
				CLANG_WARN_SUSPICIOUS_MOVE = YES;
				CLANG_WARN_UNGUARDED_AVAILABILITY = YES_AGGRESSIVE;
				CLANG_WARN_UNREACHABLE_CODE = YES;
				CLANG_WARN__DUPLICATE_METHOD_MATCH = YES;
				COPY_PHASE_STRIP = NO;
				DEBUG_INFORMATION_FORMAT = "dwarf-with-dsym";
				ENABLE_NS_ASSERTIONS = NO;
				ENABLE_STRICT_OBJC_MSGSEND = YES;
				ENABLE_USER_SCRIPT_SANDBOXING = YES;
				GCC_C_LANGUAGE_STANDARD = gnu17;
				GCC_NO_COMMON_BLOCKS = YES;
				GCC_WARN_64_TO_32_BIT_CONVERSION = YES;
				GCC_WARN_ABOUT_RETURN_TYPE = YES_ERROR;
				GCC_WARN_UNDECLARED_SELECTOR = YES;
				GCC_WARN_UNINITIALIZED_AUTOS = YES_AGGRESSIVE;
				GCC_WARN_UNUSED_FUNCTION = YES;
				GCC_WARN_UNUSED_VARIABLE = YES;
				IPHONEOS_DEPLOYMENT_TARGET = 18.2;
				LOCALIZATION_PREFERS_STRING_CATALOGS = YES;
				MTL_ENABLE_DEBUG_INFO = NO;
				MTL_FAST_MATH = YES;
				SDKROOT = iphoneos;
				SWIFT_COMPILATION_MODE = wholemodule;
				VALIDATE_PRODUCT = YES;
			};
			name = Release;
		};
		5DAC1A422D46BC8D00DCECC6 /* Debug */ = {
			isa = XCBuildConfiguration;
			buildSettings = {
				BUNDLE_LOADER = "$(TEST_HOST)";
				CODE_SIGN_STYLE = Automatic;
				CURRENT_PROJECT_VERSION = 1;
				GENERATE_INFOPLIST_FILE = YES;
				IPHONEOS_DEPLOYMENT_TARGET = 18.2;
				MARKETING_VERSION = 1.0;
				PRODUCT_BUNDLE_IDENTIFIER = IremOnart.FilmFlowTests;
				PRODUCT_NAME = "$(TARGET_NAME)";
				SWIFT_EMIT_LOC_STRINGS = NO;
				SWIFT_VERSION = 5.0;
				TARGETED_DEVICE_FAMILY = "1,2";
				TEST_HOST = "$(BUILT_PRODUCTS_DIR)/FilmFlow.app/$(BUNDLE_EXECUTABLE_FOLDER_PATH)/FilmFlow";
			};
			name = Debug;
		};
		5DAC1A432D46BC8D00DCECC6 /* Release */ = {
			isa = XCBuildConfiguration;
			buildSettings = {
				BUNDLE_LOADER = "$(TEST_HOST)";
				CODE_SIGN_STYLE = Automatic;
				CURRENT_PROJECT_VERSION = 1;
				GENERATE_INFOPLIST_FILE = YES;
				IPHONEOS_DEPLOYMENT_TARGET = 18.2;
				MARKETING_VERSION = 1.0;
				PRODUCT_BUNDLE_IDENTIFIER = IremOnart.FilmFlowTests;
				PRODUCT_NAME = "$(TARGET_NAME)";
				SWIFT_EMIT_LOC_STRINGS = NO;
				SWIFT_VERSION = 5.0;
				TARGETED_DEVICE_FAMILY = "1,2";
				TEST_HOST = "$(BUILT_PRODUCTS_DIR)/FilmFlow.app/$(BUNDLE_EXECUTABLE_FOLDER_PATH)/FilmFlow";
			};
			name = Release;
		};
		5DAC1A452D46BC8D00DCECC6 /* Debug */ = {
			isa = XCBuildConfiguration;
			buildSettings = {
				CODE_SIGN_STYLE = Automatic;
				CURRENT_PROJECT_VERSION = 1;
				GENERATE_INFOPLIST_FILE = YES;
				MARKETING_VERSION = 1.0;
				PRODUCT_BUNDLE_IDENTIFIER = IremOnart.FilmFlowUITests;
				PRODUCT_NAME = "$(TARGET_NAME)";
				SWIFT_EMIT_LOC_STRINGS = NO;
				SWIFT_VERSION = 5.0;
				TARGETED_DEVICE_FAMILY = "1,2";
				TEST_TARGET_NAME = FilmFlow;
			};
			name = Debug;
		};
		5DAC1A462D46BC8D00DCECC6 /* Release */ = {
			isa = XCBuildConfiguration;
			buildSettings = {
				CODE_SIGN_STYLE = Automatic;
				CURRENT_PROJECT_VERSION = 1;
				GENERATE_INFOPLIST_FILE = YES;
				MARKETING_VERSION = 1.0;
				PRODUCT_BUNDLE_IDENTIFIER = IremOnart.FilmFlowUITests;
				PRODUCT_NAME = "$(TARGET_NAME)";
				SWIFT_EMIT_LOC_STRINGS = NO;
				SWIFT_VERSION = 5.0;
				TARGETED_DEVICE_FAMILY = "1,2";
				TEST_TARGET_NAME = FilmFlow;
			};
			name = Release;
		};
/* End XCBuildConfiguration section */

/* Begin XCConfigurationList section */
		5DAC1A0B2D46BC8C00DCECC6 /* Build configuration list for PBXProject "FilmFlow" */ = {
			isa = XCConfigurationList;
			buildConfigurations = (
				5DAC1A3F2D46BC8D00DCECC6 /* Debug */,
				5DAC1A402D46BC8D00DCECC6 /* Release */,
			);
			defaultConfigurationIsVisible = 0;
			defaultConfigurationName = Release;
		};
		5DAC1A3C2D46BC8D00DCECC6 /* Build configuration list for PBXNativeTarget "FilmFlow" */ = {
			isa = XCConfigurationList;
			buildConfigurations = (
				5DAC1A3D2D46BC8D00DCECC6 /* Debug */,
				5DAC1A3E2D46BC8D00DCECC6 /* Release */,
			);
			defaultConfigurationIsVisible = 0;
			defaultConfigurationName = Release;
		};
		5DAC1A412D46BC8D00DCECC6 /* Build configuration list for PBXNativeTarget "FilmFlowTests" */ = {
			isa = XCConfigurationList;
			buildConfigurations = (
				5DAC1A422D46BC8D00DCECC6 /* Debug */,
				5DAC1A432D46BC8D00DCECC6 /* Release */,
			);
			defaultConfigurationIsVisible = 0;
			defaultConfigurationName = Release;
		};
		5DAC1A442D46BC8D00DCECC6 /* Build configuration list for PBXNativeTarget "FilmFlowUITests" */ = {
			isa = XCConfigurationList;
			buildConfigurations = (
				5DAC1A452D46BC8D00DCECC6 /* Debug */,
				5DAC1A462D46BC8D00DCECC6 /* Release */,
			);
			defaultConfigurationIsVisible = 0;
			defaultConfigurationName = Release;
		};
/* End XCConfigurationList section */
	};
	rootObject = 5DAC1A082D46BC8C00DCECC6 /* Project object */;
}
